
Microsoft Visual Studio Solution File, Format Version 12.00
# Visual Studio Version 17
VisualStudioVersion = 17.7.34009.444
MinimumVisualStudioVersion = 10.0.40219.1
Project("{9A19103F-16F7-4668-BE54-9A1E7A4F7556}") = "Wati_Test_Integer", "Wati_Test_Integer\Wati_Test_Integer.csproj", "{F20CDAC4-59B3-48BD-98AC-76C42EBE4381}"
EndProject
Project("{FAE04EC0-301F-11D3-BF4B-00C04F79EFBC}") = "WatiUnitTest", "WatiUnitTest\WatiUnitTest.csproj", "{E2A71CD8-14B4-4213-BE55-91E13999D6D6}"
EndProject
Global
	GlobalSection(SolutionConfigurationPlatforms) = preSolution
		Debug|Any CPU = Debug|Any CPU
		Release|Any CPU = Release|Any CPU
	EndGlobalSection
	GlobalSection(ProjectConfigurationPlatforms) = postSolution
		{F20CDAC4-59B3-48BD-98AC-76C42EBE4381}.Debug|Any CPU.ActiveCfg = Debug|Any CPU
		{F20CDAC4-59B3-48BD-98AC-76C42EBE4381}.Debug|Any CPU.Build.0 = Debug|Any CPU
		{F20CDAC4-59B3-48BD-98AC-76C42EBE4381}.Release|Any CPU.ActiveCfg = Release|Any CPU
		{F20CDAC4-59B3-48BD-98AC-76C42EBE4381}.Release|Any CPU.Build.0 = Release|Any CPU
		{E2A71CD8-14B4-4213-BE55-91E13999D6D6}.Debug|Any CPU.ActiveCfg = Debug|Any CPU
		{E2A71CD8-14B4-4213-BE55-91E13999D6D6}.Debug|Any CPU.Build.0 = Debug|Any CPU
		{E2A71CD8-14B4-4213-BE55-91E13999D6D6}.Release|Any CPU.ActiveCfg = Release|Any CPU
		{E2A71CD8-14B4-4213-BE55-91E13999D6D6}.Release|Any CPU.Build.0 = Release|Any CPU
	EndGlobalSection
	GlobalSection(SolutionProperties) = preSolution
		HideSolutionNode = FALSE
	EndGlobalSection
	GlobalSection(ExtensibilityGlobals) = postSolution
		SolutionGuid = {252603A8-2CD4-4B45-9F02-EFE4CF1FA1E4}
	EndGlobalSection
EndGlobal
